// !$*UTF8*$!
{
	archiveVersion = 1;
	classes = {
	};
	objectVersion = 46;
	objects = {

/* Begin PBXBuildFile section */
		5D228F6915C468B000B1E1F5 /* TMBOPoast.m in Sources */ = {isa = PBXBuildFile; fileRef = 5D228F6815C468B000B1E1F5 /* TMBOPoast.m */; };
		5D8F980A1564793100081C26 /* UIKit.framework in Frameworks */ = {isa = PBXBuildFile; fileRef = 5D8F98091564793100081C26 /* UIKit.framework */; };
		5D8F980C1564793100081C26 /* Foundation.framework in Frameworks */ = {isa = PBXBuildFile; fileRef = 5D8F980B1564793100081C26 /* Foundation.framework */; };
		5D8F980E1564793100081C26 /* CoreGraphics.framework in Frameworks */ = {isa = PBXBuildFile; fileRef = 5D8F980D1564793100081C26 /* CoreGraphics.framework */; };
		5D8F98141564793100081C26 /* InfoPlist.strings in Resources */ = {isa = PBXBuildFile; fileRef = 5D8F98121564793100081C26 /* InfoPlist.strings */; };
		5D8F98161564793100081C26 /* main.m in Sources */ = {isa = PBXBuildFile; fileRef = 5D8F98151564793100081C26 /* main.m */; };
		5D8F981A1564793100081C26 /* TMBiOSAppDelegate.m in Sources */ = {isa = PBXBuildFile; fileRef = 5D8F98191564793100081C26 /* TMBiOSAppDelegate.m */; };
		5D8F981D1564793100081C26 /* MainStoryboard_iPhone.storyboard in Resources */ = {isa = PBXBuildFile; fileRef = 5D8F981B1564793100081C26 /* MainStoryboard_iPhone.storyboard */; };
		5D8F98201564793100081C26 /* MainStoryboard_iPad.storyboard in Resources */ = {isa = PBXBuildFile; fileRef = 5D8F981E1564793100081C26 /* MainStoryboard_iPad.storyboard */; };
		5D8F98231564793100081C26 /* TMBiOSViewController.m in Sources */ = {isa = PBXBuildFile; fileRef = 5D8F98221564793100081C26 /* TMBiOSViewController.m */; };
		5D8F982A15647A6400081C26 /* Icon.png in Resources */ = {isa = PBXBuildFile; fileRef = 5D8F982915647A6400081C26 /* Icon.png */; };
		5D8F983215647A7100081C26 /* libTestFlight.a in Frameworks */ = {isa = PBXBuildFile; fileRef = 5D8F982E15647A7100081C26 /* libTestFlight.a */; };
		5D8F983315647A7100081C26 /* README.txt in Resources */ = {isa = PBXBuildFile; fileRef = 5D8F982F15647A7100081C26 /* README.txt */; };
		5D8F983415647A7100081C26 /* release_notes.txt in Resources */ = {isa = PBXBuildFile; fileRef = 5D8F983015647A7100081C26 /* release_notes.txt */; };
		5D8F983F1564868C00081C26 /* TMBOLoginViewController.m in Sources */ = {isa = PBXBuildFile; fileRef = 5D8F983E15647BFC00081C26 /* TMBOLoginViewController.m */; };
		5D8F98401564868F00081C26 /* TMBOImageViewController.m in Sources */ = {isa = PBXBuildFile; fileRef = 5D8F983C15647BFC00081C26 /* TMBOImageViewController.m */; };
		5D8F98411564869200081C26 /* TMBOBaseViewController.m in Sources */ = {isa = PBXBuildFile; fileRef = 5D8F983A15647BFC00081C26 /* TMBOBaseViewController.m */; };
		5D8F98421564869600081C26 /* HTTPResource.m in Sources */ = {isa = PBXBuildFile; fileRef = 5D8F983615647BE500081C26 /* HTTPResource.m */; };
		5D8F98431564869C00081C26 /* TMBO-API.m in Sources */ = {isa = PBXBuildFile; fileRef = 5D8F983815647BE500081C26 /* TMBO-API.m */; };
		5D8F9845156AF5DD00081C26 /* README.md in Resources */ = {isa = PBXBuildFile; fileRef = 5D8F9844156AF5DC00081C26 /* README.md */; };
		5D8F9848156AF74600081C26 /* TMBOStream.m in Sources */ = {isa = PBXBuildFile; fileRef = 5D8F9847156AF74600081C26 /* TMBOStream.m */; };
		5D8F984A156D997500081C26 /* TMBiOS-Info-DEV.plist in Resources */ = {isa = PBXBuildFile; fileRef = 5D8F9849156D997500081C26 /* TMBiOS-Info-DEV.plist */; };
		5DEA863215D97C8A0015050C /* TMBOCommentsViewController.m in Sources */ = {isa = PBXBuildFile; fileRef = 5DEA863115D97C8A0015050C /* TMBOCommentsViewController.m */; };
/* End PBXBuildFile section */

/* Begin PBXFileReference section */
		5D228F6715C468B000B1E1F5 /* TMBOPoast.h */ = {isa = PBXFileReference; fileEncoding = 4; lastKnownFileType = sourcecode.c.h; path = TMBOPoast.h; sourceTree = "<group>"; };
		5D228F6815C468B000B1E1F5 /* TMBOPoast.m */ = {isa = PBXFileReference; fileEncoding = 4; lastKnownFileType = sourcecode.c.objc; path = TMBOPoast.m; sourceTree = "<group>"; };
		5D8F98051564793100081C26 /* TMBiOS.app */ = {isa = PBXFileReference; explicitFileType = wrapper.application; includeInIndex = 0; path = TMBiOS.app; sourceTree = BUILT_PRODUCTS_DIR; };
		5D8F98091564793100081C26 /* UIKit.framework */ = {isa = PBXFileReference; lastKnownFileType = wrapper.framework; name = UIKit.framework; path = System/Library/Frameworks/UIKit.framework; sourceTree = SDKROOT; };
		5D8F980B1564793100081C26 /* Foundation.framework */ = {isa = PBXFileReference; lastKnownFileType = wrapper.framework; name = Foundation.framework; path = System/Library/Frameworks/Foundation.framework; sourceTree = SDKROOT; };
		5D8F980D1564793100081C26 /* CoreGraphics.framework */ = {isa = PBXFileReference; lastKnownFileType = wrapper.framework; name = CoreGraphics.framework; path = System/Library/Frameworks/CoreGraphics.framework; sourceTree = SDKROOT; };
		5D8F98111564793100081C26 /* TMBiOS-Info.plist */ = {isa = PBXFileReference; lastKnownFileType = text.plist.xml; path = "TMBiOS-Info.plist"; sourceTree = "<group>"; };
		5D8F98131564793100081C26 /* en */ = {isa = PBXFileReference; lastKnownFileType = text.plist.strings; name = en; path = en.lproj/InfoPlist.strings; sourceTree = "<group>"; };
		5D8F98151564793100081C26 /* main.m */ = {isa = PBXFileReference; lastKnownFileType = sourcecode.c.objc; path = main.m; sourceTree = "<group>"; };
		5D8F98171564793100081C26 /* TMBiOS-Prefix.pch */ = {isa = PBXFileReference; lastKnownFileType = sourcecode.c.h; path = "TMBiOS-Prefix.pch"; sourceTree = "<group>"; };
		5D8F98181564793100081C26 /* TMBiOSAppDelegate.h */ = {isa = PBXFileReference; lastKnownFileType = sourcecode.c.h; path = TMBiOSAppDelegate.h; sourceTree = "<group>"; };
		5D8F98191564793100081C26 /* TMBiOSAppDelegate.m */ = {isa = PBXFileReference; lastKnownFileType = sourcecode.c.objc; path = TMBiOSAppDelegate.m; sourceTree = "<group>"; };
		5D8F981C1564793100081C26 /* en */ = {isa = PBXFileReference; lastKnownFileType = file.storyboard; name = en; path = en.lproj/MainStoryboard_iPhone.storyboard; sourceTree = "<group>"; };
		5D8F981F1564793100081C26 /* en */ = {isa = PBXFileReference; lastKnownFileType = file.storyboard; name = en; path = en.lproj/MainStoryboard_iPad.storyboard; sourceTree = "<group>"; };
		5D8F98211564793100081C26 /* TMBiOSViewController.h */ = {isa = PBXFileReference; lastKnownFileType = sourcecode.c.h; path = TMBiOSViewController.h; sourceTree = "<group>"; };
		5D8F98221564793100081C26 /* TMBiOSViewController.m */ = {isa = PBXFileReference; lastKnownFileType = sourcecode.c.objc; path = TMBiOSViewController.m; sourceTree = "<group>"; };
		5D8F982915647A6400081C26 /* Icon.png */ = {isa = PBXFileReference; lastKnownFileType = image.png; path = Icon.png; sourceTree = "<group>"; };
		5D8F982E15647A7100081C26 /* libTestFlight.a */ = {isa = PBXFileReference; lastKnownFileType = archive.ar; path = libTestFlight.a; sourceTree = "<group>"; };
		5D8F982F15647A7100081C26 /* README.txt */ = {isa = PBXFileReference; fileEncoding = 4; lastKnownFileType = text; path = README.txt; sourceTree = "<group>"; };
		5D8F983015647A7100081C26 /* release_notes.txt */ = {isa = PBXFileReference; fileEncoding = 4; lastKnownFileType = text; path = release_notes.txt; sourceTree = "<group>"; };
		5D8F983115647A7100081C26 /* TestFlight.h */ = {isa = PBXFileReference; fileEncoding = 4; lastKnownFileType = sourcecode.c.h; path = TestFlight.h; sourceTree = "<group>"; };
		5D8F983515647BE500081C26 /* HTTPResource.h */ = {isa = PBXFileReference; lastKnownFileType = sourcecode.c.h; path = HTTPResource.h; sourceTree = "<group>"; };
		5D8F983615647BE500081C26 /* HTTPResource.m */ = {isa = PBXFileReference; lastKnownFileType = sourcecode.c.objc; path = HTTPResource.m; sourceTree = "<group>"; };
		5D8F983715647BE500081C26 /* TMBO-API.h */ = {isa = PBXFileReference; lastKnownFileType = sourcecode.c.h; path = "TMBO-API.h"; sourceTree = "<group>"; };
		5D8F983815647BE500081C26 /* TMBO-API.m */ = {isa = PBXFileReference; lastKnownFileType = sourcecode.c.objc; path = "TMBO-API.m"; sourceTree = "<group>"; };
		5D8F983915647BFC00081C26 /* TMBOBaseViewController.h */ = {isa = PBXFileReference; lastKnownFileType = sourcecode.c.h; path = TMBOBaseViewController.h; sourceTree = "<group>"; };
		5D8F983A15647BFC00081C26 /* TMBOBaseViewController.m */ = {isa = PBXFileReference; lastKnownFileType = sourcecode.c.objc; path = TMBOBaseViewController.m; sourceTree = "<group>"; };
		5D8F983B15647BFC00081C26 /* TMBOImageViewController.h */ = {isa = PBXFileReference; lastKnownFileType = sourcecode.c.h; path = TMBOImageViewController.h; sourceTree = "<group>"; };
		5D8F983C15647BFC00081C26 /* TMBOImageViewController.m */ = {isa = PBXFileReference; lastKnownFileType = sourcecode.c.objc; path = TMBOImageViewController.m; sourceTree = "<group>"; };
		5D8F983D15647BFC00081C26 /* TMBOLoginViewController.h */ = {isa = PBXFileReference; lastKnownFileType = sourcecode.c.h; path = TMBOLoginViewController.h; sourceTree = "<group>"; };
		5D8F983E15647BFC00081C26 /* TMBOLoginViewController.m */ = {isa = PBXFileReference; lastKnownFileType = sourcecode.c.objc; path = TMBOLoginViewController.m; sourceTree = "<group>"; };
		5D8F9844156AF5DC00081C26 /* README.md */ = {isa = PBXFileReference; fileEncoding = 4; lastKnownFileType = text; path = README.md; sourceTree = "<group>"; };
		5D8F9846156AF74500081C26 /* TMBOStream.h */ = {isa = PBXFileReference; fileEncoding = 4; lastKnownFileType = sourcecode.c.h; path = TMBOStream.h; sourceTree = "<group>"; };
		5D8F9847156AF74600081C26 /* TMBOStream.m */ = {isa = PBXFileReference; fileEncoding = 4; lastKnownFileType = sourcecode.c.objc; path = TMBOStream.m; sourceTree = "<group>"; };
		5D8F9849156D997500081C26 /* TMBiOS-Info-DEV.plist */ = {isa = PBXFileReference; fileEncoding = 4; lastKnownFileType = text.plist.xml; path = "TMBiOS-Info-DEV.plist"; sourceTree = "<group>"; };
		5DEA863015D97C8A0015050C /* TMBOCommentsViewController.h */ = {isa = PBXFileReference; fileEncoding = 4; lastKnownFileType = sourcecode.c.h; path = TMBOCommentsViewController.h; sourceTree = "<group>"; };
		5DEA863115D97C8A0015050C /* TMBOCommentsViewController.m */ = {isa = PBXFileReference; fileEncoding = 4; lastKnownFileType = sourcecode.c.objc; path = TMBOCommentsViewController.m; sourceTree = "<group>"; };
/* End PBXFileReference section */

/* Begin PBXFrameworksBuildPhase section */
		5D8F98021564793100081C26 /* Frameworks */ = {
			isa = PBXFrameworksBuildPhase;
			buildActionMask = 2147483647;
			files = (
				5D8F980A1564793100081C26 /* UIKit.framework in Frameworks */,
				5D8F980C1564793100081C26 /* Foundation.framework in Frameworks */,
				5D8F980E1564793100081C26 /* CoreGraphics.framework in Frameworks */,
				5D8F983215647A7100081C26 /* libTestFlight.a in Frameworks */,
			);
			runOnlyForDeploymentPostprocessing = 0;
		};
/* End PBXFrameworksBuildPhase section */

/* Begin PBXGroup section */
		5D8F97FA1564793100081C26 = {
			isa = PBXGroup;
			children = (
				5D8F982D15647A7100081C26 /* TestFlightSDK0.8.2 */,
				5D8F9844156AF5DC00081C26 /* README.md */,
				5D8F982915647A6400081C26 /* Icon.png */,
				5D8F980F1564793100081C26 /* TMBiOS */,
				5D8F98081564793100081C26 /* Frameworks */,
				5D8F98061564793100081C26 /* Products */,
			);
			sourceTree = "<group>";
		};
		5D8F98061564793100081C26 /* Products */ = {
			isa = PBXGroup;
			children = (
				5D8F98051564793100081C26 /* TMBiOS.app */,
			);
			name = Products;
			sourceTree = "<group>";
		};
		5D8F98081564793100081C26 /* Frameworks */ = {
			isa = PBXGroup;
			children = (
				5D8F98091564793100081C26 /* UIKit.framework */,
				5D8F980B1564793100081C26 /* Foundation.framework */,
				5D8F980D1564793100081C26 /* CoreGraphics.framework */,
			);
			name = Frameworks;
			sourceTree = "<group>";
		};
		5D8F980F1564793100081C26 /* TMBiOS */ = {
			isa = PBXGroup;
			children = (
				5D8F983915647BFC00081C26 /* TMBOBaseViewController.h */,
				5D8F983A15647BFC00081C26 /* TMBOBaseViewController.m */,
				5D8F983B15647BFC00081C26 /* TMBOImageViewController.h */,
				5D8F983C15647BFC00081C26 /* TMBOImageViewController.m */,
				5DEA863015D97C8A0015050C /* TMBOCommentsViewController.h */,
				5DEA863115D97C8A0015050C /* TMBOCommentsViewController.m */,
				5D8F9846156AF74500081C26 /* TMBOStream.h */,
				5D8F9847156AF74600081C26 /* TMBOStream.m */,
				5D228F6715C468B000B1E1F5 /* TMBOPoast.h */,
				5D228F6815C468B000B1E1F5 /* TMBOPoast.m */,
				5D8F983D15647BFC00081C26 /* TMBOLoginViewController.h */,
				5D8F983E15647BFC00081C26 /* TMBOLoginViewController.m */,
				5D8F983515647BE500081C26 /* HTTPResource.h */,
				5D8F983615647BE500081C26 /* HTTPResource.m */,
				5D8F983715647BE500081C26 /* TMBO-API.h */,
				5D8F983815647BE500081C26 /* TMBO-API.m */,
				5D8F98181564793100081C26 /* TMBiOSAppDelegate.h */,
				5D8F98191564793100081C26 /* TMBiOSAppDelegate.m */,
				5D8F981B1564793100081C26 /* MainStoryboard_iPhone.storyboard */,
				5D8F981E1564793100081C26 /* MainStoryboard_iPad.storyboard */,
				5D8F98211564793100081C26 /* TMBiOSViewController.h */,
				5D8F98221564793100081C26 /* TMBiOSViewController.m */,
				5D8F98101564793100081C26 /* Supporting Files */,
			);
			path = TMBiOS;
			sourceTree = "<group>";
		};
		5D8F98101564793100081C26 /* Supporting Files */ = {
			isa = PBXGroup;
			children = (
				5D8F9849156D997500081C26 /* TMBiOS-Info-DEV.plist */,
				5D8F98111564793100081C26 /* TMBiOS-Info.plist */,
				5D8F98121564793100081C26 /* InfoPlist.strings */,
				5D8F98151564793100081C26 /* main.m */,
				5D8F98171564793100081C26 /* TMBiOS-Prefix.pch */,
			);
			name = "Supporting Files";
			sourceTree = "<group>";
		};
		5D8F982D15647A7100081C26 /* TestFlightSDK0.8.2 */ = {
			isa = PBXGroup;
			children = (
				5D8F982E15647A7100081C26 /* libTestFlight.a */,
				5D8F982F15647A7100081C26 /* README.txt */,
				5D8F983015647A7100081C26 /* release_notes.txt */,
				5D8F983115647A7100081C26 /* TestFlight.h */,
			);
			path = TestFlightSDK0.8.2;
			sourceTree = "<group>";
		};
/* End PBXGroup section */

/* Begin PBXNativeTarget section */
		5D8F98041564793100081C26 /* TMBiOS */ = {
			isa = PBXNativeTarget;
			buildConfigurationList = 5D8F98261564793100081C26 /* Build configuration list for PBXNativeTarget "TMBiOS" */;
			buildPhases = (
				5D8F98011564793100081C26 /* Sources */,
				5D8F98021564793100081C26 /* Frameworks */,
				5D8F98031564793100081C26 /* Resources */,
			);
			buildRules = (
			);
			dependencies = (
			);
			name = TMBiOS;
			productName = TMBiOS;
			productReference = 5D8F98051564793100081C26 /* TMBiOS.app */;
			productType = "com.apple.product-type.application";
		};
/* End PBXNativeTarget section */

/* Begin PBXProject section */
		5D8F97FC1564793100081C26 /* Project object */ = {
			isa = PBXProject;
			attributes = {
				CLASSPREFIX = TMBiOS;
				LastUpgradeCheck = 0430;
			};
			buildConfigurationList = 5D8F97FF1564793100081C26 /* Build configuration list for PBXProject "TMBiOS" */;
			compatibilityVersion = "Xcode 3.2";
			developmentRegion = English;
			hasScannedForEncodings = 0;
			knownRegions = (
				en,
			);
			mainGroup = 5D8F97FA1564793100081C26;
			productRefGroup = 5D8F98061564793100081C26 /* Products */;
			projectDirPath = "";
			projectRoot = "";
			targets = (
				5D8F98041564793100081C26 /* TMBiOS */,
			);
		};
/* End PBXProject section */

/* Begin PBXResourcesBuildPhase section */
		5D8F98031564793100081C26 /* Resources */ = {
			isa = PBXResourcesBuildPhase;
			buildActionMask = 2147483647;
			files = (
				5D8F98141564793100081C26 /* InfoPlist.strings in Resources */,
				5D8F981D1564793100081C26 /* MainStoryboard_iPhone.storyboard in Resources */,
				5D8F98201564793100081C26 /* MainStoryboard_iPad.storyboard in Resources */,
				5D8F982A15647A6400081C26 /* Icon.png in Resources */,
				5D8F983315647A7100081C26 /* README.txt in Resources */,
				5D8F983415647A7100081C26 /* release_notes.txt in Resources */,
				5D8F9845156AF5DD00081C26 /* README.md in Resources */,
				5D8F984A156D997500081C26 /* TMBiOS-Info-DEV.plist in Resources */,
			);
			runOnlyForDeploymentPostprocessing = 0;
		};
/* End PBXResourcesBuildPhase section */

/* Begin PBXSourcesBuildPhase section */
		5D8F98011564793100081C26 /* Sources */ = {
			isa = PBXSourcesBuildPhase;
			buildActionMask = 2147483647;
			files = (
				5D8F98161564793100081C26 /* main.m in Sources */,
				5D8F981A1564793100081C26 /* TMBiOSAppDelegate.m in Sources */,
				5D8F98231564793100081C26 /* TMBiOSViewController.m in Sources */,
				5D8F983F1564868C00081C26 /* TMBOLoginViewController.m in Sources */,
				5D8F98401564868F00081C26 /* TMBOImageViewController.m in Sources */,
				5D8F98411564869200081C26 /* TMBOBaseViewController.m in Sources */,
				5D8F98421564869600081C26 /* HTTPResource.m in Sources */,
				5D8F98431564869C00081C26 /* TMBO-API.m in Sources */,
				5D8F9848156AF74600081C26 /* TMBOStream.m in Sources */,
				5D228F6915C468B000B1E1F5 /* TMBOPoast.m in Sources */,
				5DEA863215D97C8A0015050C /* TMBOCommentsViewController.m in Sources */,
			);
			runOnlyForDeploymentPostprocessing = 0;
		};
/* End PBXSourcesBuildPhase section */

/* Begin PBXVariantGroup section */
		5D8F98121564793100081C26 /* InfoPlist.strings */ = {
			isa = PBXVariantGroup;
			children = (
				5D8F98131564793100081C26 /* en */,
			);
			name = InfoPlist.strings;
			sourceTree = "<group>";
		};
		5D8F981B1564793100081C26 /* MainStoryboard_iPhone.storyboard */ = {
			isa = PBXVariantGroup;
			children = (
				5D8F981C1564793100081C26 /* en */,
			);
			name = MainStoryboard_iPhone.storyboard;
			sourceTree = "<group>";
		};
		5D8F981E1564793100081C26 /* MainStoryboard_iPad.storyboard */ = {
			isa = PBXVariantGroup;
			children = (
				5D8F981F1564793100081C26 /* en */,
			);
			name = MainStoryboard_iPad.storyboard;
			sourceTree = "<group>";
		};
/* End PBXVariantGroup section */

/* Begin XCBuildConfiguration section */
		5D8F98241564793100081C26 /* Debug */ = {
			isa = XCBuildConfiguration;
			buildSettings = {
				ALWAYS_SEARCH_USER_PATHS = NO;
				ARCHS = "$(ARCHS_STANDARD_32_BIT)";
				CLANG_ENABLE_OBJC_ARC = YES;
				"CODE_SIGN_IDENTITY[sdk=iphoneos*]" = "iPhone Developer";
				COPY_PHASE_STRIP = NO;
				GCC_C_LANGUAGE_STANDARD = gnu99;
				GCC_DYNAMIC_NO_PIC = NO;
				GCC_OPTIMIZATION_LEVEL = 0;
				GCC_PREPROCESSOR_DEFINITIONS = (
					"DEBUG=1",
					"$(inherited)",
				);
				GCC_SYMBOLS_PRIVATE_EXTERN = NO;
				GCC_VERSION = com.apple.compilers.llvm.clang.1_0;
				GCC_WARN_ABOUT_RETURN_TYPE = YES;
				GCC_WARN_UNINITIALIZED_AUTOS = YES;
				GCC_WARN_UNUSED_VARIABLE = YES;
				IPHONEOS_DEPLOYMENT_TARGET = 5.1;
				SDKROOT = iphoneos;
				TARGETED_DEVICE_FAMILY = "1,2";
			};
			name = Debug;
		};
		5D8F98251564793100081C26 /* Release */ = {
			isa = XCBuildConfiguration;
			buildSettings = {
				ALWAYS_SEARCH_USER_PATHS = NO;
				ARCHS = "$(ARCHS_STANDARD_32_BIT)";
				CLANG_ENABLE_OBJC_ARC = YES;
				"CODE_SIGN_IDENTITY[sdk=iphoneos*]" = "iPhone Developer";
				COPY_PHASE_STRIP = YES;
				GCC_C_LANGUAGE_STANDARD = gnu99;
				GCC_VERSION = com.apple.compilers.llvm.clang.1_0;
				GCC_WARN_ABOUT_RETURN_TYPE = YES;
				GCC_WARN_UNINITIALIZED_AUTOS = YES;
				GCC_WARN_UNUSED_VARIABLE = YES;
				IPHONEOS_DEPLOYMENT_TARGET = 5.1;
				OTHER_CFLAGS = "-DNS_BLOCK_ASSERTIONS=1";
				SDKROOT = iphoneos;
				TARGETED_DEVICE_FAMILY = "1,2";
				VALIDATE_PRODUCT = YES;
			};
			name = Release;
		};
		5D8F98271564793100081C26 /* Debug */ = {
			isa = XCBuildConfiguration;
			buildSettings = {
				GCC_PRECOMPILE_PREFIX_HEADER = YES;
				GCC_PREFIX_HEADER = "TMBiOS/TMBiOS-Prefix.pch";
				INFOPLIST_FILE = "TMBiOS/TMBiOS-Info-DEV.plist";
				LIBRARY_SEARCH_PATHS = (
					"$(inherited)",
					"\"$(SRCROOT)/TestFlightSDK0.8.2\"",
				);
				PRODUCT_NAME = "$(TARGET_NAME)";
				WRAPPER_EXTENSION = app;
			};
			name = Debug;
		};
		5D8F98281564793100081C26 /* Release */ = {
			isa = XCBuildConfiguration;
			buildSettings = {
				GCC_PRECOMPILE_PREFIX_HEADER = YES;
				GCC_PREFIX_HEADER = "TMBiOS/TMBiOS-Prefix.pch";
				INFOPLIST_FILE = "TMBiOS/TMBiOS-Info.plist";
				LIBRARY_SEARCH_PATHS = (
					"$(inherited)",
					"\"$(SRCROOT)/TestFlightSDK0.8.2\"",
				);
				PRODUCT_NAME = "$(TARGET_NAME)";
				WRAPPER_EXTENSION = app;
			};
			name = Release;
		};
/* End XCBuildConfiguration section */

/* Begin XCConfigurationList section */
		5D8F97FF1564793100081C26 /* Build configuration list for PBXProject "TMBiOS" */ = {
			isa = XCConfigurationList;
			buildConfigurations = (
				5D8F98241564793100081C26 /* Debug */,
				5D8F98251564793100081C26 /* Release */,
			);
			defaultConfigurationIsVisible = 0;
			defaultConfigurationName = Release;
		};
		5D8F98261564793100081C26 /* Build configuration list for PBXNativeTarget "TMBiOS" */ = {
			isa = XCConfigurationList;
			buildConfigurations = (
				5D8F98271564793100081C26 /* Debug */,
				5D8F98281564793100081C26 /* Release */,
			);
			defaultConfigurationIsVisible = 0;
			defaultConfigurationName = Release;
		};
/* End XCConfigurationList section */
	};
	rootObject = 5D8F97FC1564793100081C26 /* Project object */;
}
