// !$*UTF8*$!
{
	archiveVersion = 1;
	classes = {
	};
	objectVersion = 46;
	objects = {

/* Begin PBXBuildFile section */
		5DD6CCF014E1F303003F5D99 /* UIKit.framework in Frameworks */ = {isa = PBXBuildFile; fileRef = 5DD6CCEF14E1F303003F5D99 /* UIKit.framework */; };
		5DD6CCF214E1F303003F5D99 /* Foundation.framework in Frameworks */ = {isa = PBXBuildFile; fileRef = 5DD6CCF114E1F303003F5D99 /* Foundation.framework */; };
		5DD6CCF414E1F303003F5D99 /* CoreGraphics.framework in Frameworks */ = {isa = PBXBuildFile; fileRef = 5DD6CCF314E1F303003F5D99 /* CoreGraphics.framework */; };
		5DD6CCFA14E1F303003F5D99 /* InfoPlist.strings in Resources */ = {isa = PBXBuildFile; fileRef = 5DD6CCF814E1F303003F5D99 /* InfoPlist.strings */; };
		5DD6CCFC14E1F303003F5D99 /* main.m in Sources */ = {isa = PBXBuildFile; fileRef = 5DD6CCFB14E1F303003F5D99 /* main.m */; };
		5DD6CD0014E1F303003F5D99 /* TMBOAppDelegate.m in Sources */ = {isa = PBXBuildFile; fileRef = 5DD6CCFF14E1F303003F5D99 /* TMBOAppDelegate.m */; };
		5DD6CD0314E1F303003F5D99 /* MainStoryboard.storyboard in Resources */ = {isa = PBXBuildFile; fileRef = 5DD6CD0114E1F303003F5D99 /* MainStoryboard.storyboard */; };
		5DD6CD0614E1F303003F5D99 /* TMBOLoginViewController.m in Sources */ = {isa = PBXBuildFile; fileRef = 5DD6CD0514E1F303003F5D99 /* TMBOLoginViewController.m */; };
		5DD6CD0D14E1F3F9003F5D99 /* Icon.png in Resources */ = {isa = PBXBuildFile; fileRef = 5DD6CD0C14E1F3F9003F5D99 /* Icon.png */; };
		5DD6CD1014E1FEAE003F5D99 /* TMBOBaseViewController.m in Sources */ = {isa = PBXBuildFile; fileRef = 5DD6CD0F14E1FEAE003F5D99 /* TMBOBaseViewController.m */; };
		5DD6CD2014E2E732003F5D99 /* TMBO-API.m in Sources */ = {isa = PBXBuildFile; fileRef = 5DD6CD1F14E2E732003F5D99 /* TMBO-API.m */; };
		5DD6CD2314E35C9C003F5D99 /* TMBOImageViewController.m in Sources */ = {isa = PBXBuildFile; fileRef = 5DD6CD2214E35C9C003F5D99 /* TMBOImageViewController.m */; };
		5DD6CD2A14E60445003F5D99 /* HTTPResource.m in Sources */ = {isa = PBXBuildFile; fileRef = 5DD6CD2914E60445003F5D99 /* HTTPResource.m */; };
		5DD6CD4714E88CBA003F5D99 /* libTestFlight.a in Frameworks */ = {isa = PBXBuildFile; fileRef = 5DD6CD4314E88CBA003F5D99 /* libTestFlight.a */; };
		5DD6CD4814E88CBA003F5D99 /* README.txt in Resources */ = {isa = PBXBuildFile; fileRef = 5DD6CD4414E88CBA003F5D99 /* README.txt */; };
		5DD6CD4914E88CBA003F5D99 /* release_notes.txt in Resources */ = {isa = PBXBuildFile; fileRef = 5DD6CD4514E88CBA003F5D99 /* release_notes.txt */; };
/* End PBXBuildFile section */

/* Begin PBXFileReference section */
		5DD6CCEB14E1F303003F5D99 /* TMBiOS.app */ = {isa = PBXFileReference; explicitFileType = wrapper.application; includeInIndex = 0; path = TMBiOS.app; sourceTree = BUILT_PRODUCTS_DIR; };
		5DD6CCEF14E1F303003F5D99 /* UIKit.framework */ = {isa = PBXFileReference; lastKnownFileType = wrapper.framework; name = UIKit.framework; path = System/Library/Frameworks/UIKit.framework; sourceTree = SDKROOT; };
		5DD6CCF114E1F303003F5D99 /* Foundation.framework */ = {isa = PBXFileReference; lastKnownFileType = wrapper.framework; name = Foundation.framework; path = System/Library/Frameworks/Foundation.framework; sourceTree = SDKROOT; };
		5DD6CCF314E1F303003F5D99 /* CoreGraphics.framework */ = {isa = PBXFileReference; lastKnownFileType = wrapper.framework; name = CoreGraphics.framework; path = System/Library/Frameworks/CoreGraphics.framework; sourceTree = SDKROOT; };
		5DD6CCF714E1F303003F5D99 /* TMBO-Info.plist */ = {isa = PBXFileReference; lastKnownFileType = text.plist.xml; path = "TMBO-Info.plist"; sourceTree = "<group>"; };
		5DD6CCF914E1F303003F5D99 /* en */ = {isa = PBXFileReference; lastKnownFileType = text.plist.strings; name = en; path = en.lproj/InfoPlist.strings; sourceTree = "<group>"; };
		5DD6CCFB14E1F303003F5D99 /* main.m */ = {isa = PBXFileReference; lastKnownFileType = sourcecode.c.objc; path = main.m; sourceTree = "<group>"; };
		5DD6CCFD14E1F303003F5D99 /* TMBO-Prefix.pch */ = {isa = PBXFileReference; lastKnownFileType = sourcecode.c.h; path = "TMBO-Prefix.pch"; sourceTree = "<group>"; };
		5DD6CCFE14E1F303003F5D99 /* TMBOAppDelegate.h */ = {isa = PBXFileReference; lastKnownFileType = sourcecode.c.h; path = TMBOAppDelegate.h; sourceTree = "<group>"; };
		5DD6CCFF14E1F303003F5D99 /* TMBOAppDelegate.m */ = {isa = PBXFileReference; lastKnownFileType = sourcecode.c.objc; path = TMBOAppDelegate.m; sourceTree = "<group>"; };
		5DD6CD0214E1F303003F5D99 /* en */ = {isa = PBXFileReference; lastKnownFileType = file.storyboard; name = en; path = en.lproj/MainStoryboard.storyboard; sourceTree = "<group>"; };
		5DD6CD0414E1F303003F5D99 /* TMBOLoginViewController.h */ = {isa = PBXFileReference; lastKnownFileType = sourcecode.c.h; path = TMBOLoginViewController.h; sourceTree = "<group>"; };
		5DD6CD0514E1F303003F5D99 /* TMBOLoginViewController.m */ = {isa = PBXFileReference; lastKnownFileType = sourcecode.c.objc; path = TMBOLoginViewController.m; sourceTree = "<group>"; };
		5DD6CD0C14E1F3F9003F5D99 /* Icon.png */ = {isa = PBXFileReference; lastKnownFileType = image.png; path = Icon.png; sourceTree = "<group>"; };
		5DD6CD0E14E1FEAE003F5D99 /* TMBOBaseViewController.h */ = {isa = PBXFileReference; fileEncoding = 4; lastKnownFileType = sourcecode.c.h; path = TMBOBaseViewController.h; sourceTree = "<group>"; };
		5DD6CD0F14E1FEAE003F5D99 /* TMBOBaseViewController.m */ = {isa = PBXFileReference; fileEncoding = 4; lastKnownFileType = sourcecode.c.objc; path = TMBOBaseViewController.m; sourceTree = "<group>"; };
		5DD6CD1E14E2E732003F5D99 /* TMBO-API.h */ = {isa = PBXFileReference; fileEncoding = 4; lastKnownFileType = sourcecode.c.h; path = "TMBO-API.h"; sourceTree = "<group>"; };
		5DD6CD1F14E2E732003F5D99 /* TMBO-API.m */ = {isa = PBXFileReference; fileEncoding = 4; lastKnownFileType = sourcecode.c.objc; path = "TMBO-API.m"; sourceTree = "<group>"; };
		5DD6CD2114E35C9C003F5D99 /* TMBOImageViewController.h */ = {isa = PBXFileReference; fileEncoding = 4; lastKnownFileType = sourcecode.c.h; path = TMBOImageViewController.h; sourceTree = "<group>"; };
		5DD6CD2214E35C9C003F5D99 /* TMBOImageViewController.m */ = {isa = PBXFileReference; fileEncoding = 4; lastKnownFileType = sourcecode.c.objc; path = TMBOImageViewController.m; sourceTree = "<group>"; };
		5DD6CD2814E60445003F5D99 /* HTTPResource.h */ = {isa = PBXFileReference; fileEncoding = 4; lastKnownFileType = sourcecode.c.h; path = HTTPResource.h; sourceTree = "<group>"; };
		5DD6CD2914E60445003F5D99 /* HTTPResource.m */ = {isa = PBXFileReference; fileEncoding = 4; lastKnownFileType = sourcecode.c.objc; path = HTTPResource.m; sourceTree = "<group>"; };
		5DD6CD4114E88C55003F5D99 /* TMBiOS copy-Info.plist */ = {isa = PBXFileReference; lastKnownFileType = text.plist.xml; name = "TMBiOS copy-Info.plist"; path = "/Users/jkelly/Dropbox/machinesync/dev/TMBO/TMBiOS copy-Info.plist"; sourceTree = "<absolute>"; };
		5DD6CD4314E88CBA003F5D99 /* libTestFlight.a */ = {isa = PBXFileReference; lastKnownFileType = archive.ar; path = libTestFlight.a; sourceTree = "<group>"; };
		5DD6CD4414E88CBA003F5D99 /* README.txt */ = {isa = PBXFileReference; fileEncoding = 4; lastKnownFileType = text; path = README.txt; sourceTree = "<group>"; };
		5DD6CD4514E88CBA003F5D99 /* release_notes.txt */ = {isa = PBXFileReference; fileEncoding = 4; lastKnownFileType = text; path = release_notes.txt; sourceTree = "<group>"; };
		5DD6CD4614E88CBA003F5D99 /* TestFlight.h */ = {isa = PBXFileReference; fileEncoding = 4; lastKnownFileType = sourcecode.c.h; path = TestFlight.h; sourceTree = "<group>"; };
/* End PBXFileReference section */

/* Begin PBXFrameworksBuildPhase section */
		5DD6CCE814E1F303003F5D99 /* Frameworks */ = {
			isa = PBXFrameworksBuildPhase;
			buildActionMask = 2147483647;
			files = (
				5DD6CCF014E1F303003F5D99 /* UIKit.framework in Frameworks */,
				5DD6CCF214E1F303003F5D99 /* Foundation.framework in Frameworks */,
				5DD6CCF414E1F303003F5D99 /* CoreGraphics.framework in Frameworks */,
				5DD6CD4714E88CBA003F5D99 /* libTestFlight.a in Frameworks */,
			);
			runOnlyForDeploymentPostprocessing = 0;
		};
/* End PBXFrameworksBuildPhase section */

/* Begin PBXGroup section */
		5DD6CCE014E1F302003F5D99 = {
			isa = PBXGroup;
			children = (
				5DD6CD4214E88CBA003F5D99 /* TestFlightSDK0.8.2 */,
				5DD6CD0C14E1F3F9003F5D99 /* Icon.png */,
				5DD6CCF514E1F303003F5D99 /* TMBO */,
				5DD6CCEE14E1F303003F5D99 /* Frameworks */,
				5DD6CCEC14E1F303003F5D99 /* Products */,
				5DD6CD4114E88C55003F5D99 /* TMBiOS copy-Info.plist */,
			);
			sourceTree = "<group>";
		};
		5DD6CCEC14E1F303003F5D99 /* Products */ = {
			isa = PBXGroup;
			children = (
				5DD6CCEB14E1F303003F5D99 /* TMBiOS.app */,
			);
			name = Products;
			sourceTree = "<group>";
		};
		5DD6CCEE14E1F303003F5D99 /* Frameworks */ = {
			isa = PBXGroup;
			children = (
				5DD6CCEF14E1F303003F5D99 /* UIKit.framework */,
				5DD6CCF114E1F303003F5D99 /* Foundation.framework */,
				5DD6CCF314E1F303003F5D99 /* CoreGraphics.framework */,
			);
			name = Frameworks;
			sourceTree = "<group>";
		};
		5DD6CCF514E1F303003F5D99 /* TMBO */ = {
			isa = PBXGroup;
			children = (
				5DD6CCFE14E1F303003F5D99 /* TMBOAppDelegate.h */,
				5DD6CCFF14E1F303003F5D99 /* TMBOAppDelegate.m */,
				5DD6CD0114E1F303003F5D99 /* MainStoryboard.storyboard */,
				5DD6CD2114E35C9C003F5D99 /* TMBOImageViewController.h */,
				5DD6CD2214E35C9C003F5D99 /* TMBOImageViewController.m */,
				5DD6CD0E14E1FEAE003F5D99 /* TMBOBaseViewController.h */,
				5DD6CD0F14E1FEAE003F5D99 /* TMBOBaseViewController.m */,
				5DD6CD0414E1F303003F5D99 /* TMBOLoginViewController.h */,
				5DD6CD0514E1F303003F5D99 /* TMBOLoginViewController.m */,
				5DD6CD1E14E2E732003F5D99 /* TMBO-API.h */,
				5DD6CD1F14E2E732003F5D99 /* TMBO-API.m */,
				5DD6CD2814E60445003F5D99 /* HTTPResource.h */,
				5DD6CD2914E60445003F5D99 /* HTTPResource.m */,
				5DD6CCF614E1F303003F5D99 /* Supporting Files */,
			);
			path = TMBO;
			sourceTree = "<group>";
		};
		5DD6CCF614E1F303003F5D99 /* Supporting Files */ = {
			isa = PBXGroup;
			children = (
				5DD6CCF714E1F303003F5D99 /* TMBO-Info.plist */,
				5DD6CCF814E1F303003F5D99 /* InfoPlist.strings */,
				5DD6CCFB14E1F303003F5D99 /* main.m */,
				5DD6CCFD14E1F303003F5D99 /* TMBO-Prefix.pch */,
			);
			name = "Supporting Files";
			sourceTree = "<group>";
		};
		5DD6CD4214E88CBA003F5D99 /* TestFlightSDK0.8.2 */ = {
			isa = PBXGroup;
			children = (
				5DD6CD4314E88CBA003F5D99 /* libTestFlight.a */,
				5DD6CD4414E88CBA003F5D99 /* README.txt */,
				5DD6CD4514E88CBA003F5D99 /* release_notes.txt */,
				5DD6CD4614E88CBA003F5D99 /* TestFlight.h */,
			);
			path = TestFlightSDK0.8.2;
			sourceTree = "<group>";
		};
/* End PBXGroup section */

/* Begin PBXNativeTarget section */
		5DD6CCEA14E1F303003F5D99 /* TMBiOS */ = {
			isa = PBXNativeTarget;
			buildConfigurationList = 5DD6CD0914E1F303003F5D99 /* Build configuration list for PBXNativeTarget "TMBiOS" */;
			buildPhases = (
				5DD6CCE714E1F303003F5D99 /* Sources */,
				5DD6CCE814E1F303003F5D99 /* Frameworks */,
				5DD6CCE914E1F303003F5D99 /* Resources */,
			);
			buildRules = (
			);
			dependencies = (
			);
			name = TMBiOS;
			productName = TMBO;
			productReference = 5DD6CCEB14E1F303003F5D99 /* TMBiOS.app */;
			productType = "com.apple.product-type.application";
		};
/* End PBXNativeTarget section */

/* Begin PBXProject section */
		5DD6CCE214E1F302003F5D99 /* Project object */ = {
			isa = PBXProject;
			attributes = {
				LastUpgradeCheck = 0420;
			};
			buildConfigurationList = 5DD6CCE514E1F302003F5D99 /* Build configuration list for PBXProject "TMBO" */;
			compatibilityVersion = "Xcode 3.2";
			developmentRegion = English;
			hasScannedForEncodings = 0;
			knownRegions = (
				en,
			);
			mainGroup = 5DD6CCE014E1F302003F5D99;
			productRefGroup = 5DD6CCEC14E1F303003F5D99 /* Products */;
			projectDirPath = "";
			projectRoot = "";
			targets = (
				5DD6CCEA14E1F303003F5D99 /* TMBiOS */,
			);
		};
/* End PBXProject section */

/* Begin PBXResourcesBuildPhase section */
		5DD6CCE914E1F303003F5D99 /* Resources */ = {
			isa = PBXResourcesBuildPhase;
			buildActionMask = 2147483647;
			files = (
				5DD6CCFA14E1F303003F5D99 /* InfoPlist.strings in Resources */,
				5DD6CD0314E1F303003F5D99 /* MainStoryboard.storyboard in Resources */,
				5DD6CD0D14E1F3F9003F5D99 /* Icon.png in Resources */,
				5DD6CD4814E88CBA003F5D99 /* README.txt in Resources */,
				5DD6CD4914E88CBA003F5D99 /* release_notes.txt in Resources */,
			);
			runOnlyForDeploymentPostprocessing = 0;
		};
/* End PBXResourcesBuildPhase section */

/* Begin PBXSourcesBuildPhase section */
		5DD6CCE714E1F303003F5D99 /* Sources */ = {
			isa = PBXSourcesBuildPhase;
			buildActionMask = 2147483647;
			files = (
				5DD6CCFC14E1F303003F5D99 /* main.m in Sources */,
				5DD6CD0014E1F303003F5D99 /* TMBOAppDelegate.m in Sources */,
				5DD6CD0614E1F303003F5D99 /* TMBOLoginViewController.m in Sources */,
				5DD6CD1014E1FEAE003F5D99 /* TMBOBaseViewController.m in Sources */,
				5DD6CD2014E2E732003F5D99 /* TMBO-API.m in Sources */,
				5DD6CD2314E35C9C003F5D99 /* TMBOImageViewController.m in Sources */,
				5DD6CD2A14E60445003F5D99 /* HTTPResource.m in Sources */,
			);
			runOnlyForDeploymentPostprocessing = 0;
		};
/* End PBXSourcesBuildPhase section */

/* Begin PBXVariantGroup section */
		5DD6CCF814E1F303003F5D99 /* InfoPlist.strings */ = {
			isa = PBXVariantGroup;
			children = (
				5DD6CCF914E1F303003F5D99 /* en */,
			);
			name = InfoPlist.strings;
			sourceTree = "<group>";
		};
		5DD6CD0114E1F303003F5D99 /* MainStoryboard.storyboard */ = {
			isa = PBXVariantGroup;
			children = (
				5DD6CD0214E1F303003F5D99 /* en */,
			);
			name = MainStoryboard.storyboard;
			sourceTree = "<group>";
		};
/* End PBXVariantGroup section */

/* Begin XCBuildConfiguration section */
		5DD6CD0714E1F303003F5D99 /* Debug */ = {
			isa = XCBuildConfiguration;
			buildSettings = {
				ALWAYS_SEARCH_USER_PATHS = NO;
				ARCHS = "$(ARCHS_STANDARD_32_BIT)";
				CLANG_ENABLE_OBJC_ARC = YES;
				"CODE_SIGN_IDENTITY[sdk=iphoneos*]" = "iPhone Developer";
				COPY_PHASE_STRIP = NO;
				GCC_C_LANGUAGE_STANDARD = gnu99;
				GCC_DYNAMIC_NO_PIC = NO;
				GCC_OPTIMIZATION_LEVEL = 0;
				GCC_PREPROCESSOR_DEFINITIONS = (
					"DEBUG=1",
					"$(inherited)",
				);
				GCC_SYMBOLS_PRIVATE_EXTERN = NO;
				GCC_VERSION = com.apple.compilers.llvm.clang.1_0;
				GCC_WARN_ABOUT_MISSING_PROTOTYPES = YES;
				GCC_WARN_ABOUT_RETURN_TYPE = YES;
				GCC_WARN_UNUSED_VARIABLE = YES;
				IPHONEOS_DEPLOYMENT_TARGET = 5.0;
				"PROVISIONING_PROFILE[sdk=iphoneos*]" = "";
				SDKROOT = iphoneos;
			};
			name = Debug;
		};
		5DD6CD0814E1F303003F5D99 /* Release */ = {
			isa = XCBuildConfiguration;
			buildSettings = {
				ALWAYS_SEARCH_USER_PATHS = NO;
				ARCHS = "$(ARCHS_STANDARD_32_BIT)";
				CLANG_ENABLE_OBJC_ARC = YES;
				"CODE_SIGN_IDENTITY[sdk=iphoneos*]" = "iPhone Developer";
				COPY_PHASE_STRIP = YES;
				GCC_C_LANGUAGE_STANDARD = gnu99;
				GCC_VERSION = com.apple.compilers.llvm.clang.1_0;
				GCC_WARN_ABOUT_MISSING_PROTOTYPES = YES;
				GCC_WARN_ABOUT_RETURN_TYPE = YES;
				GCC_WARN_UNUSED_VARIABLE = YES;
				IPHONEOS_DEPLOYMENT_TARGET = 5.0;
				OTHER_CFLAGS = "-DNS_BLOCK_ASSERTIONS=1";
				"PROVISIONING_PROFILE[sdk=iphoneos*]" = "";
				SDKROOT = iphoneos;
				VALIDATE_PRODUCT = YES;
			};
			name = Release;
		};
		5DD6CD0A14E1F303003F5D99 /* Debug */ = {
			isa = XCBuildConfiguration;
			buildSettings = {
				CODE_SIGN_IDENTITY = "";
				"CODE_SIGN_IDENTITY[sdk=iphoneos*]" = "iPhone Developer";
				GCC_PRECOMPILE_PREFIX_HEADER = YES;
				GCC_PREFIX_HEADER = "TMBO/TMBO-Prefix.pch";
				INFOPLIST_FILE = "TMBO/TMBO-Info.plist";
				LIBRARY_SEARCH_PATHS = (
					"$(inherited)",
					"\"$(SRCROOT)/TestFlightSDK0.8.2\"",
				);
				PRODUCT_NAME = "$(TARGET_NAME)";
				"PROVISIONING_PROFILE[sdk=iphoneos*]" = "";
				WRAPPER_EXTENSION = app;
			};
			name = Debug;
		};
		5DD6CD0B14E1F303003F5D99 /* Release */ = {
			isa = XCBuildConfiguration;
			buildSettings = {
				CODE_SIGN_IDENTITY = "";
				"CODE_SIGN_IDENTITY[sdk=iphoneos*]" = "iPhone Developer";
				GCC_PRECOMPILE_PREFIX_HEADER = YES;
				GCC_PREFIX_HEADER = "TMBO/TMBO-Prefix.pch";
				INFOPLIST_FILE = "TMBO/TMBO-Info.plist";
				LIBRARY_SEARCH_PATHS = (
					"$(inherited)",
					"\"$(SRCROOT)/TestFlightSDK0.8.2\"",
				);
				PRODUCT_NAME = "$(TARGET_NAME)";
				"PROVISIONING_PROFILE[sdk=iphoneos*]" = "";
				WRAPPER_EXTENSION = app;
			};
			name = Release;
		};
		5DD6CD4A14E890A4003F5D99 /* Ad-Hoc Distribution */ = {
			isa = XCBuildConfiguration;
			buildSettings = {
				ALWAYS_SEARCH_USER_PATHS = NO;
				ARCHS = "$(ARCHS_STANDARD_32_BIT)";
				CLANG_ENABLE_OBJC_ARC = YES;
				"CODE_SIGN_ENTITLEMENTS[sdk=*]" = "";
				CODE_SIGN_IDENTITY = "";
				"CODE_SIGN_IDENTITY[sdk=iphoneos*]" = "iPhone Developer";
				COPY_PHASE_STRIP = YES;
				GCC_C_LANGUAGE_STANDARD = gnu99;
				GCC_VERSION = com.apple.compilers.llvm.clang.1_0;
				GCC_WARN_ABOUT_MISSING_PROTOTYPES = YES;
				GCC_WARN_ABOUT_RETURN_TYPE = YES;
				GCC_WARN_UNUSED_VARIABLE = YES;
				IPHONEOS_DEPLOYMENT_TARGET = 5.0;
				OTHER_CFLAGS = "-DNS_BLOCK_ASSERTIONS=1";
				"PROVISIONING_PROFILE[sdk=iphoneos*]" = "";
				SDKROOT = iphoneos;
				VALIDATE_PRODUCT = YES;
			};
			name = "Ad-Hoc Distribution";
		};
		5DD6CD4B14E890A4003F5D99 /* Ad-Hoc Distribution */ = {
			isa = XCBuildConfiguration;
			buildSettings = {
				CODE_SIGN_IDENTITY = "";
				"CODE_SIGN_IDENTITY[sdk=iphoneos*]" = "iPhone Distribution";
				GCC_PRECOMPILE_PREFIX_HEADER = YES;
				GCC_PREFIX_HEADER = "TMBO/TMBO-Prefix.pch";
				INFOPLIST_FILE = "TMBO/TMBO-Info.plist";
				LIBRARY_SEARCH_PATHS = (
					"$(inherited)",
					"\"$(SRCROOT)/TestFlightSDK0.8.2\"",
				);
				PRODUCT_NAME = "$(TARGET_NAME)";
				"PROVISIONING_PROFILE[sdk=iphoneos*]" = "";
				WRAPPER_EXTENSION = app;
			};
			name = "Ad-Hoc Distribution";
		};
/* End XCBuildConfiguration section */

/* Begin XCConfigurationList section */
		5DD6CCE514E1F302003F5D99 /* Build configuration list for PBXProject "TMBO" */ = {
			isa = XCConfigurationList;
			buildConfigurations = (
				5DD6CD0714E1F303003F5D99 /* Debug */,
				5DD6CD0814E1F303003F5D99 /* Release */,
				5DD6CD4A14E890A4003F5D99 /* Ad-Hoc Distribution */,
			);
			defaultConfigurationIsVisible = 0;
			defaultConfigurationName = Release;
		};
		5DD6CD0914E1F303003F5D99 /* Build configuration list for PBXNativeTarget "TMBiOS" */ = {
			isa = XCConfigurationList;
			buildConfigurations = (
				5DD6CD0A14E1F303003F5D99 /* Debug */,
				5DD6CD0B14E1F303003F5D99 /* Release */,
				5DD6CD4B14E890A4003F5D99 /* Ad-Hoc Distribution */,
			);
			defaultConfigurationIsVisible = 0;
			defaultConfigurationName = Release;
		};
/* End XCConfigurationList section */
	};
	rootObject = 5DD6CCE214E1F302003F5D99 /* Project object */;
}
